{
  "object": {
    "pins": [
      {
        "package": "Ch3",
        "repositoryURL": "https://github.com/riobah/Ch3.git",
        "state": {
          "branch": null,
          "revision": "a6e2784215fe039b25d9dbae8b2455c32356b9b2",
          "version": "4.1.0"
        }
      }
    ]
  },
  "version": 1
}
